
Microsoft Visual Studio Solution File, Format Version 12.00
# Visual Studio 15
VisualStudioVersion = 15.0.26730.15
MinimumVisualStudioVersion = 10.0.40219.1
Project("{FAE04EC0-301F-11D3-BF4B-00C04F79EFBC}") = "UMT360.InteriorDesignWebApp.Models", "UMT360.InteriorDesignWebApp.Models\UMT360.InteriorDesignWebApp.Models.csproj", "{BFC6D468-F040-493A-B81A-3274DF43FD96}"
EndProject
Project("{FAE04EC0-301F-11D3-BF4B-00C04F79EFBC}") = "UMT360.InteriorDesignWebApp.Repository", "UMT360.InteriorDesignWebApp.Repository\UMT360.InteriorDesignWebApp.Repository.csproj", "{DA6EE371-3872-4E37-9424-287B7538971B}"
EndProject
Project("{FAE04EC0-301F-11D3-BF4B-00C04F79EFBC}") = "UMT360.InteriorDesignWebApp", "UMT360.InteriorDesignWebApp\UMT360.InteriorDesignWebApp.csproj", "{17CED89A-F36E-4D4C-ADE7-85E94C51B8F9}"
EndProject
Project("{2150E333-8FDC-42A3-9474-1A3956D46DE8}") = "SQL", "SQL", "{1C85FC4C-3E88-4E7A-8FC7-35E8EB5C63EB}"
	ProjectSection(SolutionItems) = preProject
		InsertValuesDB.sql = InsertValuesDB.sql
		InteriorDesignDB.sql = InteriorDesignDB.sql
	EndProjectSection
EndProject
Project("{FAE04EC0-301F-11D3-BF4B-00C04F79EFBC}") = "UMT360.InteriorDesignWebApp.RpositoryAbstraction", "UMT360.InteriorDesignWebApp.RepositoryAbstraction\UMT360.InteriorDesignWebApp.RpositoryAbstraction.csproj", "{3D041339-53A5-422D-99FF-6F5E3E82AC3F}"
EndProject
Project("{FAE04EC0-301F-11D3-BF4B-00C04F79EFBC}") = "UMT360.InteriorDesignWebApp.RepositoryFactory", "UMT360.InteriorDesignWebApp.RepositoryFactory\UMT360.InteriorDesignWebApp.RepositoryFactory.csproj", "{D677FFB9-2612-4552-A1BB-4B2489B55F6A}"
EndProject
Project("{FAE04EC0-301F-11D3-BF4B-00C04F79EFBC}") = "UMT360.InteriorDesignWebApp.Business", "UMT360.InteriorDesignWebApp.Business\UMT360.InteriorDesignWebApp.Business.csproj", "{77A64546-3F56-4FAF-AF2F-AA621FB8FB7B}"
EndProject
Global
	GlobalSection(SolutionConfigurationPlatforms) = preSolution
		Debug|Any CPU = Debug|Any CPU
		Release|Any CPU = Release|Any CPU
	EndGlobalSection
	GlobalSection(ProjectConfigurationPlatforms) = postSolution
		{BFC6D468-F040-493A-B81A-3274DF43FD96}.Debug|Any CPU.ActiveCfg = Debug|Any CPU
		{BFC6D468-F040-493A-B81A-3274DF43FD96}.Debug|Any CPU.Build.0 = Debug|Any CPU
		{BFC6D468-F040-493A-B81A-3274DF43FD96}.Release|Any CPU.ActiveCfg = Release|Any CPU
		{BFC6D468-F040-493A-B81A-3274DF43FD96}.Release|Any CPU.Build.0 = Release|Any CPU
		{DA6EE371-3872-4E37-9424-287B7538971B}.Debug|Any CPU.ActiveCfg = Debug|Any CPU
		{DA6EE371-3872-4E37-9424-287B7538971B}.Debug|Any CPU.Build.0 = Debug|Any CPU
		{DA6EE371-3872-4E37-9424-287B7538971B}.Release|Any CPU.ActiveCfg = Release|Any CPU
		{DA6EE371-3872-4E37-9424-287B7538971B}.Release|Any CPU.Build.0 = Release|Any CPU
		{17CED89A-F36E-4D4C-ADE7-85E94C51B8F9}.Debug|Any CPU.ActiveCfg = Debug|Any CPU
		{17CED89A-F36E-4D4C-ADE7-85E94C51B8F9}.Debug|Any CPU.Build.0 = Debug|Any CPU
		{17CED89A-F36E-4D4C-ADE7-85E94C51B8F9}.Release|Any CPU.ActiveCfg = Release|Any CPU
		{17CED89A-F36E-4D4C-ADE7-85E94C51B8F9}.Release|Any CPU.Build.0 = Release|Any CPU
		{3D041339-53A5-422D-99FF-6F5E3E82AC3F}.Debug|Any CPU.ActiveCfg = Debug|Any CPU
		{3D041339-53A5-422D-99FF-6F5E3E82AC3F}.Debug|Any CPU.Build.0 = Debug|Any CPU
		{3D041339-53A5-422D-99FF-6F5E3E82AC3F}.Release|Any CPU.ActiveCfg = Release|Any CPU
		{3D041339-53A5-422D-99FF-6F5E3E82AC3F}.Release|Any CPU.Build.0 = Release|Any CPU
		{D677FFB9-2612-4552-A1BB-4B2489B55F6A}.Debug|Any CPU.ActiveCfg = Debug|Any CPU
		{D677FFB9-2612-4552-A1BB-4B2489B55F6A}.Debug|Any CPU.Build.0 = Debug|Any CPU
		{D677FFB9-2612-4552-A1BB-4B2489B55F6A}.Release|Any CPU.ActiveCfg = Release|Any CPU
		{D677FFB9-2612-4552-A1BB-4B2489B55F6A}.Release|Any CPU.Build.0 = Release|Any CPU
		{77A64546-3F56-4FAF-AF2F-AA621FB8FB7B}.Debug|Any CPU.ActiveCfg = Debug|Any CPU
		{77A64546-3F56-4FAF-AF2F-AA621FB8FB7B}.Debug|Any CPU.Build.0 = Debug|Any CPU
		{77A64546-3F56-4FAF-AF2F-AA621FB8FB7B}.Release|Any CPU.ActiveCfg = Release|Any CPU
		{77A64546-3F56-4FAF-AF2F-AA621FB8FB7B}.Release|Any CPU.Build.0 = Release|Any CPU
	EndGlobalSection
	GlobalSection(SolutionProperties) = preSolution
		HideSolutionNode = FALSE
	EndGlobalSection
	GlobalSection(ExtensibilityGlobals) = postSolution
		SolutionGuid = {3C244F2D-AE7D-49F1-9148-075626BD5442}
	EndGlobalSection
EndGlobal
